
Microsoft Visual Studio Solution File, Format Version 12.00
# Visual Studio Version 17
VisualStudioVersion = 17.4.33403.182
MinimumVisualStudioVersion = 10.0.40219.1
Project("{FAE04EC0-301F-11D3-BF4B-00C04F79EFBC}") = "udpscreenshot", "udpscreenshot\udpscreenshot.csproj", "{A34731C4-E425-4C11-970B-2664A36618F0}"
EndProject
Project("{FAE04EC0-301F-11D3-BF4B-00C04F79EFBC}") = "udpclient", "udpclient\udpclient.csproj", "{0488AD56-0BA6-4BE4-8401-EA73972806E3}"
EndProject
Global
	GlobalSection(SolutionConfigurationPlatforms) = preSolution
		Debug|Any CPU = Debug|Any CPU
		Release|Any CPU = Release|Any CPU
	EndGlobalSection
	GlobalSection(ProjectConfigurationPlatforms) = postSolution
		{A34731C4-E425-4C11-970B-2664A36618F0}.Debug|Any CPU.ActiveCfg = Debug|Any CPU
		{A34731C4-E425-4C11-970B-2664A36618F0}.Debug|Any CPU.Build.0 = Debug|Any CPU
		{A34731C4-E425-4C11-970B-2664A36618F0}.Release|Any CPU.ActiveCfg = Release|Any CPU
		{A34731C4-E425-4C11-970B-2664A36618F0}.Release|Any CPU.Build.0 = Release|Any CPU
		{0488AD56-0BA6-4BE4-8401-EA73972806E3}.Debug|Any CPU.ActiveCfg = Debug|Any CPU
		{0488AD56-0BA6-4BE4-8401-EA73972806E3}.Debug|Any CPU.Build.0 = Debug|Any CPU
		{0488AD56-0BA6-4BE4-8401-EA73972806E3}.Release|Any CPU.ActiveCfg = Release|Any CPU
		{0488AD56-0BA6-4BE4-8401-EA73972806E3}.Release|Any CPU.Build.0 = Release|Any CPU
	EndGlobalSection
	GlobalSection(SolutionProperties) = preSolution
		HideSolutionNode = FALSE
	EndGlobalSection
	GlobalSection(ExtensibilityGlobals) = postSolution
		SolutionGuid = {06D79B31-3194-45EA-8C6A-71BDA1EFB113}
	EndGlobalSection
EndGlobal
